// !$*UTF8*$!
{
	archiveVersion = 1;
	classes = {
	};
	objectVersion = 50;
	objects = {

/* Begin PBXBuildFile section */
		191B9FA424C0301000E45441 /* Lineable.swift in Sources */ = {isa = PBXBuildFile; fileRef = 191B9FA324C0301000E45441 /* Lineable.swift */; };
		191BA1F224C177FA00E45441 /* Resources.swift in Sources */ = {isa = PBXBuildFile; fileRef = 191BA1F124C177FA00E45441 /* Resources.swift */; };
		191BA1F624C179E300E45441 /* Defines.swift in Sources */ = {isa = PBXBuildFile; fileRef = 191BA1F524C179E300E45441 /* Defines.swift */; };
		191BA1F824C17AA700E45441 /* GlobalFunctions.swift in Sources */ = {isa = PBXBuildFile; fileRef = 191BA1F724C17AA700E45441 /* GlobalFunctions.swift */; };
		193E21E123AA116900914DB3 /* UserDefaults+Ex.swift in Sources */ = {isa = PBXBuildFile; fileRef = 193E21E023AA116900914DB3 /* UserDefaults+Ex.swift */; };
		193E229B23AC6EAC00914DB3 /* ImageGuideViewController.swift in Sources */ = {isa = PBXBuildFile; fileRef = 193E229A23AC6EAC00914DB3 /* ImageGuideViewController.swift */; };
		197EF04923ACA61F0085B18A /* BrowserController.swift in Sources */ = {isa = PBXBuildFile; fileRef = 197EF04823ACA61F0085B18A /* BrowserController.swift */; };
		197EF04B23ACD6950085B18A /* DateFormatterManager.swift in Sources */ = {isa = PBXBuildFile; fileRef = 197EF04A23ACD6950085B18A /* DateFormatterManager.swift */; };
		198832B624231FED005673F3 /* AttributedStringBuilder.swift in Sources */ = {isa = PBXBuildFile; fileRef = 198832B524231FED005673F3 /* AttributedStringBuilder.swift */; };
		198832BA242361DE005673F3 /* AlertBuilder.swift in Sources */ = {isa = PBXBuildFile; fileRef = 198832B9242361DE005673F3 /* AlertBuilder.swift */; };
		19CF65F323B09A32008F104A /* SchemeManager.swift in Sources */ = {isa = PBXBuildFile; fileRef = 19CF65F223B09A32008F104A /* SchemeManager.swift */; };
		19FCE50823A9CF08003EF7FF /* OnePiece.h in Headers */ = {isa = PBXBuildFile; fileRef = 19FCE50623A9CF08003EF7FF /* OnePiece.h */; settings = {ATTRIBUTES = (Public, ); }; };
		19FCE53023A9CFAD003EF7FF /* Swizzle.swift in Sources */ = {isa = PBXBuildFile; fileRef = 19FCE52F23A9CFAD003EF7FF /* Swizzle.swift */; };
		19FCE53223A9D0FB003EF7FF /* AssociatedObject.swift in Sources */ = {isa = PBXBuildFile; fileRef = 19FCE53123A9D0FB003EF7FF /* AssociatedObject.swift */; };
		EA79CF6F2750DB020065FB25 /* AnyBuilder.swift in Sources */ = {isa = PBXBuildFile; fileRef = EA79CF6E2750DB020065FB25 /* AnyBuilder.swift */; };
		EA79CF76275471C10065FB25 /* FactoryDefines.swift in Sources */ = {isa = PBXBuildFile; fileRef = EA79CF75275471C10065FB25 /* FactoryDefines.swift */; };
		EA79CF7A275472A50065FB25 /* UtilsDefines.swift in Sources */ = {isa = PBXBuildFile; fileRef = EA79CF79275472A50065FB25 /* UtilsDefines.swift */; };
		EA79CF7C275473130065FB25 /* UIImage+Utils.swift in Sources */ = {isa = PBXBuildFile; fileRef = EA79CF7B275473130065FB25 /* UIImage+Utils.swift */; };
		EA79CF7E275473AD0065FB25 /* Int+Utils.swift in Sources */ = {isa = PBXBuildFile; fileRef = EA79CF7D275473AD0065FB25 /* Int+Utils.swift */; };
		EA79CF80275474030065FB25 /* Data+Utils.swift in Sources */ = {isa = PBXBuildFile; fileRef = EA79CF7F275474030065FB25 /* Data+Utils.swift */; };
		EA79CF82275474EF0065FB25 /* String+Utils.swift in Sources */ = {isa = PBXBuildFile; fileRef = EA79CF81275474EF0065FB25 /* String+Utils.swift */; };
		EA79CF84275476FC0065FB25 /* Date+Utils.swift in Sources */ = {isa = PBXBuildFile; fileRef = EA79CF83275476FC0065FB25 /* Date+Utils.swift */; };
		EA79CF882754B5D70065FB25 /* NotificationDefines.swift in Sources */ = {isa = PBXBuildFile; fileRef = EA79CF872754B5D70065FB25 /* NotificationDefines.swift */; };
		EA79CF8A2754B6B70065FB25 /* PictureSheetController.swift in Sources */ = {isa = PBXBuildFile; fileRef = EA79CF892754B6B70065FB25 /* PictureSheetController.swift */; };
		EA79CF8C2754B7E50065FB25 /* UIResponder+Event.swift in Sources */ = {isa = PBXBuildFile; fileRef = EA79CF8B2754B7E50065FB25 /* UIResponder+Event.swift */; };
		EA79CF902754BBCB0065FB25 /* SettingsCell.swift in Sources */ = {isa = PBXBuildFile; fileRef = EA79CF8F2754BBCB0065FB25 /* SettingsCell.swift */; };
		EA79CF922754C3060065FB25 /* PickerView.swift in Sources */ = {isa = PBXBuildFile; fileRef = EA79CF912754C3060065FB25 /* PickerView.swift */; };
		EA79CF942754CC630065FB25 /* GetVCodeButton.swift in Sources */ = {isa = PBXBuildFile; fileRef = EA79CF932754CC630065FB25 /* GetVCodeButton.swift */; };
/* End PBXBuildFile section */

/* Begin PBXFileReference section */
		191B9FA324C0301000E45441 /* Lineable.swift */ = {isa = PBXFileReference; lastKnownFileType = sourcecode.swift; path = Lineable.swift; sourceTree = "<group>"; };
		191BA1F124C177FA00E45441 /* Resources.swift */ = {isa = PBXFileReference; lastKnownFileType = sourcecode.swift; path = Resources.swift; sourceTree = "<group>"; };
		191BA1F524C179E300E45441 /* Defines.swift */ = {isa = PBXFileReference; lastKnownFileType = sourcecode.swift; path = Defines.swift; sourceTree = "<group>"; };
		191BA1F724C17AA700E45441 /* GlobalFunctions.swift */ = {isa = PBXFileReference; lastKnownFileType = sourcecode.swift; path = GlobalFunctions.swift; sourceTree = "<group>"; };
		193E21E023AA116900914DB3 /* UserDefaults+Ex.swift */ = {isa = PBXFileReference; lastKnownFileType = sourcecode.swift; path = "UserDefaults+Ex.swift"; sourceTree = "<group>"; };
		193E229A23AC6EAC00914DB3 /* ImageGuideViewController.swift */ = {isa = PBXFileReference; lastKnownFileType = sourcecode.swift; path = ImageGuideViewController.swift; sourceTree = "<group>"; };
		197EF04823ACA61F0085B18A /* BrowserController.swift */ = {isa = PBXFileReference; lastKnownFileType = sourcecode.swift; path = BrowserController.swift; sourceTree = "<group>"; };
		197EF04A23ACD6950085B18A /* DateFormatterManager.swift */ = {isa = PBXFileReference; lastKnownFileType = sourcecode.swift; path = DateFormatterManager.swift; sourceTree = "<group>"; };
		198832B524231FED005673F3 /* AttributedStringBuilder.swift */ = {isa = PBXFileReference; lastKnownFileType = sourcecode.swift; path = AttributedStringBuilder.swift; sourceTree = "<group>"; };
		198832B9242361DE005673F3 /* AlertBuilder.swift */ = {isa = PBXFileReference; lastKnownFileType = sourcecode.swift; path = AlertBuilder.swift; sourceTree = "<group>"; };
		19CF65F223B09A32008F104A /* SchemeManager.swift */ = {isa = PBXFileReference; lastKnownFileType = sourcecode.swift; path = SchemeManager.swift; sourceTree = "<group>"; };
		19FCE50323A9CF08003EF7FF /* OnePiece.framework */ = {isa = PBXFileReference; explicitFileType = wrapper.framework; includeInIndex = 0; path = OnePiece.framework; sourceTree = BUILT_PRODUCTS_DIR; };
		19FCE50623A9CF08003EF7FF /* OnePiece.h */ = {isa = PBXFileReference; lastKnownFileType = sourcecode.c.h; path = OnePiece.h; sourceTree = "<group>"; };
		19FCE50723A9CF08003EF7FF /* Info.plist */ = {isa = PBXFileReference; lastKnownFileType = text.plist.xml; path = Info.plist; sourceTree = "<group>"; };
		19FCE52F23A9CFAD003EF7FF /* Swizzle.swift */ = {isa = PBXFileReference; lastKnownFileType = sourcecode.swift; path = Swizzle.swift; sourceTree = "<group>"; };
		19FCE53123A9D0FB003EF7FF /* AssociatedObject.swift */ = {isa = PBXFileReference; lastKnownFileType = sourcecode.swift; path = AssociatedObject.swift; sourceTree = "<group>"; };
		EA79CF6E2750DB020065FB25 /* AnyBuilder.swift */ = {isa = PBXFileReference; lastKnownFileType = sourcecode.swift; path = AnyBuilder.swift; sourceTree = "<group>"; };
		EA79CF75275471C10065FB25 /* FactoryDefines.swift */ = {isa = PBXFileReference; lastKnownFileType = sourcecode.swift; path = FactoryDefines.swift; sourceTree = "<group>"; };
		EA79CF79275472A50065FB25 /* UtilsDefines.swift */ = {isa = PBXFileReference; lastKnownFileType = sourcecode.swift; path = UtilsDefines.swift; sourceTree = "<group>"; };
		EA79CF7B275473130065FB25 /* UIImage+Utils.swift */ = {isa = PBXFileReference; lastKnownFileType = sourcecode.swift; path = "UIImage+Utils.swift"; sourceTree = "<group>"; };
		EA79CF7D275473AD0065FB25 /* Int+Utils.swift */ = {isa = PBXFileReference; lastKnownFileType = sourcecode.swift; path = "Int+Utils.swift"; sourceTree = "<group>"; };
		EA79CF7F275474030065FB25 /* Data+Utils.swift */ = {isa = PBXFileReference; lastKnownFileType = sourcecode.swift; path = "Data+Utils.swift"; sourceTree = "<group>"; };
		EA79CF81275474EF0065FB25 /* String+Utils.swift */ = {isa = PBXFileReference; lastKnownFileType = sourcecode.swift; path = "String+Utils.swift"; sourceTree = "<group>"; };
		EA79CF83275476FC0065FB25 /* Date+Utils.swift */ = {isa = PBXFileReference; lastKnownFileType = sourcecode.swift; path = "Date+Utils.swift"; sourceTree = "<group>"; };
		EA79CF872754B5D70065FB25 /* NotificationDefines.swift */ = {isa = PBXFileReference; lastKnownFileType = sourcecode.swift; path = NotificationDefines.swift; sourceTree = "<group>"; };
		EA79CF892754B6B70065FB25 /* PictureSheetController.swift */ = {isa = PBXFileReference; lastKnownFileType = sourcecode.swift; path = PictureSheetController.swift; sourceTree = "<group>"; };
		EA79CF8B2754B7E50065FB25 /* UIResponder+Event.swift */ = {isa = PBXFileReference; lastKnownFileType = sourcecode.swift; path = "UIResponder+Event.swift"; sourceTree = "<group>"; };
		EA79CF8F2754BBCB0065FB25 /* SettingsCell.swift */ = {isa = PBXFileReference; lastKnownFileType = sourcecode.swift; path = SettingsCell.swift; sourceTree = "<group>"; };
		EA79CF912754C3060065FB25 /* PickerView.swift */ = {isa = PBXFileReference; lastKnownFileType = sourcecode.swift; path = PickerView.swift; sourceTree = "<group>"; };
		EA79CF932754CC630065FB25 /* GetVCodeButton.swift */ = {isa = PBXFileReference; lastKnownFileType = sourcecode.swift; path = GetVCodeButton.swift; sourceTree = "<group>"; };
/* End PBXFileReference section */

/* Begin PBXFrameworksBuildPhase section */
		19FCE50023A9CF08003EF7FF /* Frameworks */ = {
			isa = PBXFrameworksBuildPhase;
			buildActionMask = 2147483647;
			files = (
			);
			runOnlyForDeploymentPostprocessing = 0;
		};
/* End PBXFrameworksBuildPhase section */

/* Begin PBXGroup section */
		19FCE4F923A9CF08003EF7FF = {
			isa = PBXGroup;
			children = (
				19FCE50523A9CF08003EF7FF /* OnePiece */,
				19FCE50423A9CF08003EF7FF /* Products */,
			);
			sourceTree = "<group>";
		};
		19FCE50423A9CF08003EF7FF /* Products */ = {
			isa = PBXGroup;
			children = (
				19FCE50323A9CF08003EF7FF /* OnePiece.framework */,
			);
			name = Products;
			sourceTree = "<group>";
		};
		19FCE50523A9CF08003EF7FF /* OnePiece */ = {
			isa = PBXGroup;
			children = (
				19FCE52E23A9CF58003EF7FF /* Sources */,
				19FCE50623A9CF08003EF7FF /* OnePiece.h */,
				19FCE50723A9CF08003EF7FF /* Info.plist */,
			);
			path = OnePiece;
			sourceTree = "<group>";
		};
		19FCE52E23A9CF58003EF7FF /* Sources */ = {
			isa = PBXGroup;
			children = (
				EA79CF862754A1670065FB25 /* Manager */,
				EA79CF852754A1570065FB25 /* Base */,
				EA79CF782754728A0065FB25 /* Utils */,
				EA79CF772754725C0065FB25 /* Extensions */,
				EA79CF74275471910065FB25 /* Factory */,
				EAF8D59D274F8FAC00AE1569 /* ResultBuilder */,
				EA2B868526E2E59700115670 /* UIKit */,
			);
			path = Sources;
			sourceTree = "<group>";
		};
		EA2B868526E2E59700115670 /* UIKit */ = {
			isa = PBXGroup;
			children = (
				191B9FA324C0301000E45441 /* Lineable.swift */,
				197EF04823ACA61F0085B18A /* BrowserController.swift */,
				193E229A23AC6EAC00914DB3 /* ImageGuideViewController.swift */,
				EA79CF892754B6B70065FB25 /* PictureSheetController.swift */,
				EA79CF8F2754BBCB0065FB25 /* SettingsCell.swift */,
				EA79CF912754C3060065FB25 /* PickerView.swift */,
				EA79CF932754CC630065FB25 /* GetVCodeButton.swift */,
			);
			path = UIKit;
			sourceTree = "<group>";
		};
		EA79CF74275471910065FB25 /* Factory */ = {
			isa = PBXGroup;
			children = (
				EA79CF75275471C10065FB25 /* FactoryDefines.swift */,
			);
			path = Factory;
			sourceTree = "<group>";
		};
		EA79CF772754725C0065FB25 /* Extensions */ = {
			isa = PBXGroup;
			children = (
				193E21E023AA116900914DB3 /* UserDefaults+Ex.swift */,
				EA79CF8B2754B7E50065FB25 /* UIResponder+Event.swift */,
			);
			path = Extensions;
			sourceTree = "<group>";
		};
		EA79CF782754728A0065FB25 /* Utils */ = {
			isa = PBXGroup;
			children = (
				EA79CF79275472A50065FB25 /* UtilsDefines.swift */,
				EA79CF7B275473130065FB25 /* UIImage+Utils.swift */,
				EA79CF7D275473AD0065FB25 /* Int+Utils.swift */,
				EA79CF7F275474030065FB25 /* Data+Utils.swift */,
				EA79CF81275474EF0065FB25 /* String+Utils.swift */,
				EA79CF83275476FC0065FB25 /* Date+Utils.swift */,
			);
			path = Utils;
			sourceTree = "<group>";
		};
		EA79CF852754A1570065FB25 /* Base */ = {
			isa = PBXGroup;
			children = (
				191BA1F524C179E300E45441 /* Defines.swift */,
				EA79CF872754B5D70065FB25 /* NotificationDefines.swift */,
				19FCE53123A9D0FB003EF7FF /* AssociatedObject.swift */,
				19FCE52F23A9CFAD003EF7FF /* Swizzle.swift */,
				191BA1F724C17AA700E45441 /* GlobalFunctions.swift */,
				191BA1F124C177FA00E45441 /* Resources.swift */,
			);
			path = Base;
			sourceTree = "<group>";
		};
		EA79CF862754A1670065FB25 /* Manager */ = {
			isa = PBXGroup;
			children = (
				19CF65F223B09A32008F104A /* SchemeManager.swift */,
				197EF04A23ACD6950085B18A /* DateFormatterManager.swift */,
			);
			path = Manager;
			sourceTree = "<group>";
		};
		EAF8D59D274F8FAC00AE1569 /* ResultBuilder */ = {
			isa = PBXGroup;
			children = (
				198832B9242361DE005673F3 /* AlertBuilder.swift */,
				198832B524231FED005673F3 /* AttributedStringBuilder.swift */,
				EA79CF6E2750DB020065FB25 /* AnyBuilder.swift */,
			);
			path = ResultBuilder;
			sourceTree = "<group>";
		};
/* End PBXGroup section */

/* Begin PBXHeadersBuildPhase section */
		19FCE4FE23A9CF08003EF7FF /* Headers */ = {
			isa = PBXHeadersBuildPhase;
			buildActionMask = 2147483647;
			files = (
				19FCE50823A9CF08003EF7FF /* OnePiece.h in Headers */,
			);
			runOnlyForDeploymentPostprocessing = 0;
		};
/* End PBXHeadersBuildPhase section */

/* Begin PBXNativeTarget section */
		19FCE50223A9CF08003EF7FF /* OnePiece */ = {
			isa = PBXNativeTarget;
			buildConfigurationList = 19FCE50B23A9CF08003EF7FF /* Build configuration list for PBXNativeTarget "OnePiece" */;
			buildPhases = (
				19FCE4FE23A9CF08003EF7FF /* Headers */,
				19FCE4FF23A9CF08003EF7FF /* Sources */,
				19FCE50023A9CF08003EF7FF /* Frameworks */,
				19FCE50123A9CF08003EF7FF /* Resources */,
			);
			buildRules = (
			);
			dependencies = (
			);
			name = OnePiece;
			productName = OnePiece;
			productReference = 19FCE50323A9CF08003EF7FF /* OnePiece.framework */;
			productType = "com.apple.product-type.framework";
		};
/* End PBXNativeTarget section */

/* Begin PBXProject section */
		19FCE4FA23A9CF08003EF7FF /* Project object */ = {
			isa = PBXProject;
			attributes = {
				LastUpgradeCheck = 1130;
				ORGANIZATIONNAME = jiaxin;
				TargetAttributes = {
					19FCE50223A9CF08003EF7FF = {
						CreatedOnToolsVersion = 11.3;
						LastSwiftMigration = 1130;
					};
				};
			};
			buildConfigurationList = 19FCE4FD23A9CF08003EF7FF /* Build configuration list for PBXProject "OnePiece" */;
			compatibilityVersion = "Xcode 9.3";
			developmentRegion = en;
			hasScannedForEncodings = 0;
			knownRegions = (
				en,
				Base,
			);
			mainGroup = 19FCE4F923A9CF08003EF7FF;
			productRefGroup = 19FCE50423A9CF08003EF7FF /* Products */;
			projectDirPath = "";
			projectRoot = "";
			targets = (
				19FCE50223A9CF08003EF7FF /* OnePiece */,
			);
		};
/* End PBXProject section */

/* Begin PBXResourcesBuildPhase section */
		19FCE50123A9CF08003EF7FF /* Resources */ = {
			isa = PBXResourcesBuildPhase;
			buildActionMask = 2147483647;
			files = (
			);
			runOnlyForDeploymentPostprocessing = 0;
		};
/* End PBXResourcesBuildPhase section */

/* Begin PBXSourcesBuildPhase section */
		19FCE4FF23A9CF08003EF7FF /* Sources */ = {
			isa = PBXSourcesBuildPhase;
			buildActionMask = 2147483647;
			files = (
				197EF04B23ACD6950085B18A /* DateFormatterManager.swift in Sources */,
				19FCE53223A9D0FB003EF7FF /* AssociatedObject.swift in Sources */,
				191BA1F224C177FA00E45441 /* Resources.swift in Sources */,
				19CF65F323B09A32008F104A /* SchemeManager.swift in Sources */,
				191B9FA424C0301000E45441 /* Lineable.swift in Sources */,
				EA79CF8A2754B6B70065FB25 /* PictureSheetController.swift in Sources */,
				EA79CF82275474EF0065FB25 /* String+Utils.swift in Sources */,
				EA79CF6F2750DB020065FB25 /* AnyBuilder.swift in Sources */,
				198832BA242361DE005673F3 /* AlertBuilder.swift in Sources */,
				EA79CF7A275472A50065FB25 /* UtilsDefines.swift in Sources */,
				191BA1F824C17AA700E45441 /* GlobalFunctions.swift in Sources */,
				EA79CF80275474030065FB25 /* Data+Utils.swift in Sources */,
				EA79CF922754C3060065FB25 /* PickerView.swift in Sources */,
				EA79CF76275471C10065FB25 /* FactoryDefines.swift in Sources */,
				19FCE53023A9CFAD003EF7FF /* Swizzle.swift in Sources */,
				EA79CF902754BBCB0065FB25 /* SettingsCell.swift in Sources */,
				EA79CF882754B5D70065FB25 /* NotificationDefines.swift in Sources */,
				EA79CF8C2754B7E50065FB25 /* UIResponder+Event.swift in Sources */,
				EA79CF7C275473130065FB25 /* UIImage+Utils.swift in Sources */,
				193E21E123AA116900914DB3 /* UserDefaults+Ex.swift in Sources */,
				EA79CF84275476FC0065FB25 /* Date+Utils.swift in Sources */,
				EA79CF7E275473AD0065FB25 /* Int+Utils.swift in Sources */,
				193E229B23AC6EAC00914DB3 /* ImageGuideViewController.swift in Sources */,
				198832B624231FED005673F3 /* AttributedStringBuilder.swift in Sources */,
				197EF04923ACA61F0085B18A /* BrowserController.swift in Sources */,
				EA79CF942754CC630065FB25 /* GetVCodeButton.swift in Sources */,
				191BA1F624C179E300E45441 /* Defines.swift in Sources */,
			);
			runOnlyForDeploymentPostprocessing = 0;
		};
/* End PBXSourcesBuildPhase section */

/* Begin XCBuildConfiguration section */
		19FCE50923A9CF08003EF7FF /* Debug */ = {
			isa = XCBuildConfiguration;
			buildSettings = {
				ALWAYS_SEARCH_USER_PATHS = NO;
				CLANG_ANALYZER_NONNULL = YES;
				CLANG_ANALYZER_NUMBER_OBJECT_CONVERSION = YES_AGGRESSIVE;
				CLANG_CXX_LANGUAGE_STANDARD = "gnu++14";
				CLANG_CXX_LIBRARY = "libc++";
				CLANG_ENABLE_MODULES = YES;
				CLANG_ENABLE_OBJC_ARC = YES;
				CLANG_ENABLE_OBJC_WEAK = YES;
				CLANG_WARN_BLOCK_CAPTURE_AUTORELEASING = YES;
				CLANG_WARN_BOOL_CONVERSION = YES;
				CLANG_WARN_COMMA = YES;
				CLANG_WARN_CONSTANT_CONVERSION = YES;
				CLANG_WARN_DEPRECATED_OBJC_IMPLEMENTATIONS = YES;
				CLANG_WARN_DIRECT_OBJC_ISA_USAGE = YES_ERROR;
				CLANG_WARN_DOCUMENTATION_COMMENTS = YES;
				CLANG_WARN_EMPTY_BODY = YES;
				CLANG_WARN_ENUM_CONVERSION = YES;
				CLANG_WARN_INFINITE_RECURSION = YES;
				CLANG_WARN_INT_CONVERSION = YES;
				CLANG_WARN_NON_LITERAL_NULL_CONVERSION = YES;
				CLANG_WARN_OBJC_IMPLICIT_RETAIN_SELF = YES;
				CLANG_WARN_OBJC_LITERAL_CONVERSION = YES;
				CLANG_WARN_OBJC_ROOT_CLASS = YES_ERROR;
				CLANG_WARN_RANGE_LOOP_ANALYSIS = YES;
				CLANG_WARN_STRICT_PROTOTYPES = YES;
				CLANG_WARN_SUSPICIOUS_MOVE = YES;
				CLANG_WARN_UNGUARDED_AVAILABILITY = YES_AGGRESSIVE;
				CLANG_WARN_UNREACHABLE_CODE = YES;
				CLANG_WARN__DUPLICATE_METHOD_MATCH = YES;
				COPY_PHASE_STRIP = NO;
				CURRENT_PROJECT_VERSION = 1;
				DEBUG_INFORMATION_FORMAT = dwarf;
				ENABLE_STRICT_OBJC_MSGSEND = YES;
				ENABLE_TESTABILITY = YES;
				GCC_C_LANGUAGE_STANDARD = gnu11;
				GCC_DYNAMIC_NO_PIC = NO;
				GCC_NO_COMMON_BLOCKS = YES;
				GCC_OPTIMIZATION_LEVEL = 0;
				GCC_PREPROCESSOR_DEFINITIONS = (
					"DEBUG=1",
					"$(inherited)",
				);
				GCC_WARN_64_TO_32_BIT_CONVERSION = YES;
				GCC_WARN_ABOUT_RETURN_TYPE = YES_ERROR;
				GCC_WARN_UNDECLARED_SELECTOR = YES;
				GCC_WARN_UNINITIALIZED_AUTOS = YES_AGGRESSIVE;
				GCC_WARN_UNUSED_FUNCTION = YES;
				GCC_WARN_UNUSED_VARIABLE = YES;
				IPHONEOS_DEPLOYMENT_TARGET = 13.2;
				MTL_ENABLE_DEBUG_INFO = INCLUDE_SOURCE;
				MTL_FAST_MATH = YES;
				ONLY_ACTIVE_ARCH = YES;
				SDKROOT = iphoneos;
				SWIFT_ACTIVE_COMPILATION_CONDITIONS = DEBUG;
				SWIFT_OPTIMIZATION_LEVEL = "-Onone";
				VERSIONING_SYSTEM = "apple-generic";
				VERSION_INFO_PREFIX = "";
			};
			name = Debug;
		};
		19FCE50A23A9CF08003EF7FF /* Release */ = {
			isa = XCBuildConfiguration;
			buildSettings = {
				ALWAYS_SEARCH_USER_PATHS = NO;
				CLANG_ANALYZER_NONNULL = YES;
				CLANG_ANALYZER_NUMBER_OBJECT_CONVERSION = YES_AGGRESSIVE;
				CLANG_CXX_LANGUAGE_STANDARD = "gnu++14";
				CLANG_CXX_LIBRARY = "libc++";
				CLANG_ENABLE_MODULES = YES;
				CLANG_ENABLE_OBJC_ARC = YES;
				CLANG_ENABLE_OBJC_WEAK = YES;
				CLANG_WARN_BLOCK_CAPTURE_AUTORELEASING = YES;
				CLANG_WARN_BOOL_CONVERSION = YES;
				CLANG_WARN_COMMA = YES;
				CLANG_WARN_CONSTANT_CONVERSION = YES;
				CLANG_WARN_DEPRECATED_OBJC_IMPLEMENTATIONS = YES;
				CLANG_WARN_DIRECT_OBJC_ISA_USAGE = YES_ERROR;
				CLANG_WARN_DOCUMENTATION_COMMENTS = YES;
				CLANG_WARN_EMPTY_BODY = YES;
				CLANG_WARN_ENUM_CONVERSION = YES;
				CLANG_WARN_INFINITE_RECURSION = YES;
				CLANG_WARN_INT_CONVERSION = YES;
				CLANG_WARN_NON_LITERAL_NULL_CONVERSION = YES;
				CLANG_WARN_OBJC_IMPLICIT_RETAIN_SELF = YES;
				CLANG_WARN_OBJC_LITERAL_CONVERSION = YES;
				CLANG_WARN_OBJC_ROOT_CLASS = YES_ERROR;
				CLANG_WARN_RANGE_LOOP_ANALYSIS = YES;
				CLANG_WARN_STRICT_PROTOTYPES = YES;
				CLANG_WARN_SUSPICIOUS_MOVE = YES;
				CLANG_WARN_UNGUARDED_AVAILABILITY = YES_AGGRESSIVE;
				CLANG_WARN_UNREACHABLE_CODE = YES;
				CLANG_WARN__DUPLICATE_METHOD_MATCH = YES;
				COPY_PHASE_STRIP = NO;
				CURRENT_PROJECT_VERSION = 1;
				DEBUG_INFORMATION_FORMAT = "dwarf-with-dsym";
				ENABLE_NS_ASSERTIONS = NO;
				ENABLE_STRICT_OBJC_MSGSEND = YES;
				GCC_C_LANGUAGE_STANDARD = gnu11;
				GCC_NO_COMMON_BLOCKS = YES;
				GCC_WARN_64_TO_32_BIT_CONVERSION = YES;
				GCC_WARN_ABOUT_RETURN_TYPE = YES_ERROR;
				GCC_WARN_UNDECLARED_SELECTOR = YES;
				GCC_WARN_UNINITIALIZED_AUTOS = YES_AGGRESSIVE;
				GCC_WARN_UNUSED_FUNCTION = YES;
				GCC_WARN_UNUSED_VARIABLE = YES;
				IPHONEOS_DEPLOYMENT_TARGET = 13.2;
				MTL_ENABLE_DEBUG_INFO = NO;
				MTL_FAST_MATH = YES;
				SDKROOT = iphoneos;
				SWIFT_COMPILATION_MODE = wholemodule;
				SWIFT_OPTIMIZATION_LEVEL = "-O";
				VALIDATE_PRODUCT = YES;
				VERSIONING_SYSTEM = "apple-generic";
				VERSION_INFO_PREFIX = "";
			};
			name = Release;
		};
		19FCE50C23A9CF08003EF7FF /* Debug */ = {
			isa = XCBuildConfiguration;
			buildSettings = {
				CLANG_ENABLE_MODULES = YES;
				CODE_SIGN_STYLE = Automatic;
				DEFINES_MODULE = YES;
				DYLIB_COMPATIBILITY_VERSION = 1;
				DYLIB_CURRENT_VERSION = 1;
				DYLIB_INSTALL_NAME_BASE = "@rpath";
				INFOPLIST_FILE = OnePiece/Info.plist;
				INSTALL_PATH = "$(LOCAL_LIBRARY_DIR)/Frameworks";
				IPHONEOS_DEPLOYMENT_TARGET = 10.0;
				LD_RUNPATH_SEARCH_PATHS = (
					"$(inherited)",
					"@executable_path/Frameworks",
					"@loader_path/Frameworks",
				);
				PRODUCT_BUNDLE_IDENTIFIER = jiaxin.OnePiece;
				PRODUCT_NAME = "$(TARGET_NAME:c99extidentifier)";
				SKIP_INSTALL = YES;
				SWIFT_OPTIMIZATION_LEVEL = "-Onone";
				SWIFT_VERSION = 5.0;
				TARGETED_DEVICE_FAMILY = "1,2";
			};
			name = Debug;
		};
		19FCE50D23A9CF08003EF7FF /* Release */ = {
			isa = XCBuildConfiguration;
			buildSettings = {
				CLANG_ENABLE_MODULES = YES;
				CODE_SIGN_STYLE = Automatic;
				DEFINES_MODULE = YES;
				DYLIB_COMPATIBILITY_VERSION = 1;
				DYLIB_CURRENT_VERSION = 1;
				DYLIB_INSTALL_NAME_BASE = "@rpath";
				INFOPLIST_FILE = OnePiece/Info.plist;
				INSTALL_PATH = "$(LOCAL_LIBRARY_DIR)/Frameworks";
				IPHONEOS_DEPLOYMENT_TARGET = 10.0;
				LD_RUNPATH_SEARCH_PATHS = (
					"$(inherited)",
					"@executable_path/Frameworks",
					"@loader_path/Frameworks",
				);
				PRODUCT_BUNDLE_IDENTIFIER = jiaxin.OnePiece;
				PRODUCT_NAME = "$(TARGET_NAME:c99extidentifier)";
				SKIP_INSTALL = YES;
				SWIFT_VERSION = 5.0;
				TARGETED_DEVICE_FAMILY = "1,2";
			};
			name = Release;
		};
/* End XCBuildConfiguration section */

/* Begin XCConfigurationList section */
		19FCE4FD23A9CF08003EF7FF /* Build configuration list for PBXProject "OnePiece" */ = {
			isa = XCConfigurationList;
			buildConfigurations = (
				19FCE50923A9CF08003EF7FF /* Debug */,
				19FCE50A23A9CF08003EF7FF /* Release */,
			);
			defaultConfigurationIsVisible = 0;
			defaultConfigurationName = Release;
		};
		19FCE50B23A9CF08003EF7FF /* Build configuration list for PBXNativeTarget "OnePiece" */ = {
			isa = XCConfigurationList;
			buildConfigurations = (
				19FCE50C23A9CF08003EF7FF /* Debug */,
				19FCE50D23A9CF08003EF7FF /* Release */,
			);
			defaultConfigurationIsVisible = 0;
			defaultConfigurationName = Release;
		};
/* End XCConfigurationList section */
	};
	rootObject = 19FCE4FA23A9CF08003EF7FF /* Project object */;
}
